
Microsoft Visual Studio Solution File, Format Version 12.00
# Visual Studio Version 17
VisualStudioVersion = 17.8.34525.116
MinimumVisualStudioVersion = 10.0.40219.1
Project("{FAE04EC0-301F-11D3-BF4B-00C04F79EFBC}") = "Core8_EF_PostgresSql", "Core8_EF_PostgresSql\Core8_EF_PostgresSql.csproj", "{985DD64A-FF53-4084-9580-E817D93C6C40}"
EndProject
Global
	GlobalSection(SolutionConfigurationPlatforms) = preSolution
		Debug|Any CPU = Debug|Any CPU
		Release|Any CPU = Release|Any CPU
	EndGlobalSection
	GlobalSection(ProjectConfigurationPlatforms) = postSolution
		{985DD64A-FF53-4084-9580-E817D93C6C40}.Debug|Any CPU.ActiveCfg = Debug|Any CPU
		{985DD64A-FF53-4084-9580-E817D93C6C40}.Debug|Any CPU.Build.0 = Debug|Any CPU
		{985DD64A-FF53-4084-9580-E817D93C6C40}.Release|Any CPU.ActiveCfg = Release|Any CPU
		{985DD64A-FF53-4084-9580-E817D93C6C40}.Release|Any CPU.Build.0 = Release|Any CPU
	EndGlobalSection
	GlobalSection(SolutionProperties) = preSolution
		HideSolutionNode = FALSE
	EndGlobalSection
	GlobalSection(ExtensibilityGlobals) = postSolution
		SolutionGuid = {2F701581-FC7E-43DD-8322-5CCFA94AFE2A}
	EndGlobalSection
EndGlobal
